{
  "name": "menu-drop-fdsddsfvdfjghdfjown",
  "version": "1.0.0",
  "lockfileVersion": 3,
  "requires": true,
  "packages": {
    "": {
      "name": "menu-drop-fdsddsfvdfjghdfjown",
      "version": "1.0.0",
      "license": "ISC",
      "dependencies": {
        "menu-drop-fdsddsfvdfjghdfjown": "^1.0.0"
      }
    },
    "node_modules/menu-drop-fdsddsfvdfjghdfjown": {
      "version": "1.0.0",
      "resolved": "https://registry.npmjs.org/menu-drop-fdsddsfvdfjghdfjown/-/menu-drop-fdsddsfvdfjghdfjown-1.0.0.tgz",
      "integrity": "sha512-RxRCLvgrn9iojuXvrwBGjsGsGkM2/JP4Erv+mw3I/oZAnbM4CXvCsUB5IeVC0TI4E3Iv2o5Y9CmIVWAC2aP+TA==",
      "license": "ISC"
    }
  }
}
